
Microsoft Visual Studio Solution File, Format Version 12.00
# Visual Studio Version 16
VisualStudioVersion = 16.0.30907.101
MinimumVisualStudioVersion = 10.0.40219.1
Project("{FAE04EC0-301F-11D3-BF4B-00C04F79EFBC}") = "labelWPF", "labelWPF.csproj", "{572960F7-465B-4A7E-80BA-F0D46CFCEA7C}"
EndProject
Project("{FAE04EC0-301F-11D3-BF4B-00C04F79EFBC}") = "TextBoxWPF", "..\TextBoxWPF\TextBoxWPF.csproj", "{CE23830E-9F8B-4D8D-B9CC-CD5A54A09F02}"
EndProject
Project("{FAE04EC0-301F-11D3-BF4B-00C04F79EFBC}") = "CheckBoxListWPF", "..\CheckBoxListWPF\CheckBoxListWPF.csproj", "{EF92E77A-F1F1-48BF-85A9-32F86AC715F5}"
EndProject
Project("{FAE04EC0-301F-11D3-BF4B-00C04F79EFBC}") = "RadioButtonListWPF", "..\RadioButtonListWPF\RadioButtonListWPF.csproj", "{19D11306-8D19-4785-876A-6A4A3A6A9F06}"
EndProject
Project("{FAE04EC0-301F-11D3-BF4B-00C04F79EFBC}") = "TransparentWPF", "..\TransparentWPF\TransparentWPF.csproj", "{DF38C3C6-4B15-4B43-A2A9-2BCA3E989B55}"
EndProject
Project("{FAE04EC0-301F-11D3-BF4B-00C04F79EFBC}") = "ToolTipWPF", "..\ToolTipWPF\ToolTipWPF.csproj", "{DD3CA4ED-96AC-4E2C-95CC-FB523E4AB526}"
EndProject
Project("{FAE04EC0-301F-11D3-BF4B-00C04F79EFBC}") = "PopupWPF", "..\PopupWPF\PopupWPF.csproj", "{D652B2A3-E753-4B05-BA0C-60522B85599C}"
EndProject
Project("{FAE04EC0-301F-11D3-BF4B-00C04F79EFBC}") = "ImageListWPF", "..\ImageListWPF\ImageListWPF.csproj", "{205E67A1-30EE-40F2-8E94-2D8F162A4238}"
EndProject
Project("{FAE04EC0-301F-11D3-BF4B-00C04F79EFBC}") = "FocusWPF", "..\FocusWPF\FocusWPF.csproj", "{0DA3B379-F3A3-4C49-BDE1-2BBC7AC9AFB6}"
EndProject
Project("{FAE04EC0-301F-11D3-BF4B-00C04F79EFBC}") = "EmbaddedFontWPF", "..\EmbaddedFontWPF\EmbaddedFontWPF.csproj", "{1D7AE38F-3A15-4D0A-A7FC-E30178332FCA}"
EndProject
Project("{FAE04EC0-301F-11D3-BF4B-00C04F79EFBC}") = "MouseEventWPF", "..\MouseEventWPF\MouseEventWPF.csproj", "{E6273B9D-FFF0-45EF-B810-DEE607159601}"
EndProject
Project("{FAE04EC0-301F-11D3-BF4B-00C04F79EFBC}") = "MouseCaptureWPF", "..\MouseCaptureWPF\MouseCaptureWPF.csproj", "{D554E526-1959-4359-BD13-203AC6B126C2}"
EndProject
Project("{FAE04EC0-301F-11D3-BF4B-00C04F79EFBC}") = "DragAndDropWPF", "..\DragAndDropWPF\DragAndDropWPF.csproj", "{6298D86B-5C4D-489D-B35E-437D31AFAEFA}"
EndProject
Project("{FAE04EC0-301F-11D3-BF4B-00C04F79EFBC}") = "War1", "..\War1\War1.csproj", "{F4A64DDA-DCBF-4D94-80B5-50F3AC486433}"
EndProject
Project("{FAE04EC0-301F-11D3-BF4B-00C04F79EFBC}") = "War2", "..\War2\War2.csproj", "{A645BE5D-B5AE-4886-94A5-445F0D45C212}"
EndProject
Project("{FAE04EC0-301F-11D3-BF4B-00C04F79EFBC}") = "War3", "..\War3\War3.csproj", "{6DE83352-6AA6-4579-B06E-5935055AFBA5}"
EndProject
Project("{FAE04EC0-301F-11D3-BF4B-00C04F79EFBC}") = "War4", "..\War4\War4.csproj", "{E7976859-8EBB-4584-B0C0-E32F87F182AA}"
EndProject
Global
	GlobalSection(SolutionConfigurationPlatforms) = preSolution
		Debug|Any CPU = Debug|Any CPU
		Release|Any CPU = Release|Any CPU
	EndGlobalSection
	GlobalSection(ProjectConfigurationPlatforms) = postSolution
		{572960F7-465B-4A7E-80BA-F0D46CFCEA7C}.Debug|Any CPU.ActiveCfg = Debug|Any CPU
		{572960F7-465B-4A7E-80BA-F0D46CFCEA7C}.Debug|Any CPU.Build.0 = Debug|Any CPU
		{572960F7-465B-4A7E-80BA-F0D46CFCEA7C}.Release|Any CPU.ActiveCfg = Release|Any CPU
		{572960F7-465B-4A7E-80BA-F0D46CFCEA7C}.Release|Any CPU.Build.0 = Release|Any CPU
		{CE23830E-9F8B-4D8D-B9CC-CD5A54A09F02}.Debug|Any CPU.ActiveCfg = Debug|Any CPU
		{CE23830E-9F8B-4D8D-B9CC-CD5A54A09F02}.Debug|Any CPU.Build.0 = Debug|Any CPU
		{CE23830E-9F8B-4D8D-B9CC-CD5A54A09F02}.Release|Any CPU.ActiveCfg = Release|Any CPU
		{CE23830E-9F8B-4D8D-B9CC-CD5A54A09F02}.Release|Any CPU.Build.0 = Release|Any CPU
		{EF92E77A-F1F1-48BF-85A9-32F86AC715F5}.Debug|Any CPU.ActiveCfg = Debug|Any CPU
		{EF92E77A-F1F1-48BF-85A9-32F86AC715F5}.Debug|Any CPU.Build.0 = Debug|Any CPU
		{EF92E77A-F1F1-48BF-85A9-32F86AC715F5}.Release|Any CPU.ActiveCfg = Release|Any CPU
		{EF92E77A-F1F1-48BF-85A9-32F86AC715F5}.Release|Any CPU.Build.0 = Release|Any CPU
		{19D11306-8D19-4785-876A-6A4A3A6A9F06}.Debug|Any CPU.ActiveCfg = Debug|Any CPU
		{19D11306-8D19-4785-876A-6A4A3A6A9F06}.Debug|Any CPU.Build.0 = Debug|Any CPU
		{19D11306-8D19-4785-876A-6A4A3A6A9F06}.Release|Any CPU.ActiveCfg = Release|Any CPU
		{19D11306-8D19-4785-876A-6A4A3A6A9F06}.Release|Any CPU.Build.0 = Release|Any CPU
		{DF38C3C6-4B15-4B43-A2A9-2BCA3E989B55}.Debug|Any CPU.ActiveCfg = Debug|Any CPU
		{DF38C3C6-4B15-4B43-A2A9-2BCA3E989B55}.Debug|Any CPU.Build.0 = Debug|Any CPU
		{DF38C3C6-4B15-4B43-A2A9-2BCA3E989B55}.Release|Any CPU.ActiveCfg = Release|Any CPU
		{DF38C3C6-4B15-4B43-A2A9-2BCA3E989B55}.Release|Any CPU.Build.0 = Release|Any CPU
		{DD3CA4ED-96AC-4E2C-95CC-FB523E4AB526}.Debug|Any CPU.ActiveCfg = Debug|Any CPU
		{DD3CA4ED-96AC-4E2C-95CC-FB523E4AB526}.Debug|Any CPU.Build.0 = Debug|Any CPU
		{DD3CA4ED-96AC-4E2C-95CC-FB523E4AB526}.Release|Any CPU.ActiveCfg = Release|Any CPU
		{DD3CA4ED-96AC-4E2C-95CC-FB523E4AB526}.Release|Any CPU.Build.0 = Release|Any CPU
		{D652B2A3-E753-4B05-BA0C-60522B85599C}.Debug|Any CPU.ActiveCfg = Debug|Any CPU
		{D652B2A3-E753-4B05-BA0C-60522B85599C}.Debug|Any CPU.Build.0 = Debug|Any CPU
		{D652B2A3-E753-4B05-BA0C-60522B85599C}.Release|Any CPU.ActiveCfg = Release|Any CPU
		{D652B2A3-E753-4B05-BA0C-60522B85599C}.Release|Any CPU.Build.0 = Release|Any CPU
		{205E67A1-30EE-40F2-8E94-2D8F162A4238}.Debug|Any CPU.ActiveCfg = Debug|Any CPU
		{205E67A1-30EE-40F2-8E94-2D8F162A4238}.Debug|Any CPU.Build.0 = Debug|Any CPU
		{205E67A1-30EE-40F2-8E94-2D8F162A4238}.Release|Any CPU.ActiveCfg = Release|Any CPU
		{205E67A1-30EE-40F2-8E94-2D8F162A4238}.Release|Any CPU.Build.0 = Release|Any CPU
		{0DA3B379-F3A3-4C49-BDE1-2BBC7AC9AFB6}.Debug|Any CPU.ActiveCfg = Debug|Any CPU
		{0DA3B379-F3A3-4C49-BDE1-2BBC7AC9AFB6}.Debug|Any CPU.Build.0 = Debug|Any CPU
		{0DA3B379-F3A3-4C49-BDE1-2BBC7AC9AFB6}.Release|Any CPU.ActiveCfg = Release|Any CPU
		{0DA3B379-F3A3-4C49-BDE1-2BBC7AC9AFB6}.Release|Any CPU.Build.0 = Release|Any CPU
		{1D7AE38F-3A15-4D0A-A7FC-E30178332FCA}.Debug|Any CPU.ActiveCfg = Debug|Any CPU
		{1D7AE38F-3A15-4D0A-A7FC-E30178332FCA}.Debug|Any CPU.Build.0 = Debug|Any CPU
		{1D7AE38F-3A15-4D0A-A7FC-E30178332FCA}.Release|Any CPU.ActiveCfg = Release|Any CPU
		{1D7AE38F-3A15-4D0A-A7FC-E30178332FCA}.Release|Any CPU.Build.0 = Release|Any CPU
		{E6273B9D-FFF0-45EF-B810-DEE607159601}.Debug|Any CPU.ActiveCfg = Debug|Any CPU
		{E6273B9D-FFF0-45EF-B810-DEE607159601}.Debug|Any CPU.Build.0 = Debug|Any CPU
		{E6273B9D-FFF0-45EF-B810-DEE607159601}.Release|Any CPU.ActiveCfg = Release|Any CPU
		{E6273B9D-FFF0-45EF-B810-DEE607159601}.Release|Any CPU.Build.0 = Release|Any CPU
		{D554E526-1959-4359-BD13-203AC6B126C2}.Debug|Any CPU.ActiveCfg = Debug|Any CPU
		{D554E526-1959-4359-BD13-203AC6B126C2}.Debug|Any CPU.Build.0 = Debug|Any CPU
		{D554E526-1959-4359-BD13-203AC6B126C2}.Release|Any CPU.ActiveCfg = Release|Any CPU
		{D554E526-1959-4359-BD13-203AC6B126C2}.Release|Any CPU.Build.0 = Release|Any CPU
		{6298D86B-5C4D-489D-B35E-437D31AFAEFA}.Debug|Any CPU.ActiveCfg = Debug|Any CPU
		{6298D86B-5C4D-489D-B35E-437D31AFAEFA}.Debug|Any CPU.Build.0 = Debug|Any CPU
		{6298D86B-5C4D-489D-B35E-437D31AFAEFA}.Release|Any CPU.ActiveCfg = Release|Any CPU
		{6298D86B-5C4D-489D-B35E-437D31AFAEFA}.Release|Any CPU.Build.0 = Release|Any CPU
		{F4A64DDA-DCBF-4D94-80B5-50F3AC486433}.Debug|Any CPU.ActiveCfg = Debug|Any CPU
		{F4A64DDA-DCBF-4D94-80B5-50F3AC486433}.Debug|Any CPU.Build.0 = Debug|Any CPU
		{F4A64DDA-DCBF-4D94-80B5-50F3AC486433}.Release|Any CPU.ActiveCfg = Release|Any CPU
		{F4A64DDA-DCBF-4D94-80B5-50F3AC486433}.Release|Any CPU.Build.0 = Release|Any CPU
		{A645BE5D-B5AE-4886-94A5-445F0D45C212}.Debug|Any CPU.ActiveCfg = Debug|Any CPU
		{A645BE5D-B5AE-4886-94A5-445F0D45C212}.Debug|Any CPU.Build.0 = Debug|Any CPU
		{A645BE5D-B5AE-4886-94A5-445F0D45C212}.Release|Any CPU.ActiveCfg = Release|Any CPU
		{A645BE5D-B5AE-4886-94A5-445F0D45C212}.Release|Any CPU.Build.0 = Release|Any CPU
		{6DE83352-6AA6-4579-B06E-5935055AFBA5}.Debug|Any CPU.ActiveCfg = Debug|Any CPU
		{6DE83352-6AA6-4579-B06E-5935055AFBA5}.Debug|Any CPU.Build.0 = Debug|Any CPU
		{6DE83352-6AA6-4579-B06E-5935055AFBA5}.Release|Any CPU.ActiveCfg = Release|Any CPU
		{6DE83352-6AA6-4579-B06E-5935055AFBA5}.Release|Any CPU.Build.0 = Release|Any CPU
		{E7976859-8EBB-4584-B0C0-E32F87F182AA}.Debug|Any CPU.ActiveCfg = Debug|Any CPU
		{E7976859-8EBB-4584-B0C0-E32F87F182AA}.Debug|Any CPU.Build.0 = Debug|Any CPU
		{E7976859-8EBB-4584-B0C0-E32F87F182AA}.Release|Any CPU.ActiveCfg = Release|Any CPU
		{E7976859-8EBB-4584-B0C0-E32F87F182AA}.Release|Any CPU.Build.0 = Release|Any CPU
	EndGlobalSection
	GlobalSection(SolutionProperties) = preSolution
		HideSolutionNode = FALSE
	EndGlobalSection
	GlobalSection(ExtensibilityGlobals) = postSolution
		SolutionGuid = {DF58CD7E-A63E-4668-AD63-28312A01B47D}
	EndGlobalSection
EndGlobal
