
Microsoft Visual Studio Solution File, Format Version 12.00
# Visual Studio Version 16
VisualStudioVersion = 16.0.31624.102
MinimumVisualStudioVersion = 10.0.40219.1
Project("{FAE04EC0-301F-11D3-BF4B-00C04F79EFBC}") = "ToursWebAPI", "..\ToursWebAPI\ToursWebAPI.csproj", "{F3A13752-5B5B-4D8D-BADC-09FF4E8D024C}"
EndProject
Global
	GlobalSection(SolutionConfigurationPlatforms) = preSolution
		Debug|Any CPU = Debug|Any CPU
		Release|Any CPU = Release|Any CPU
	EndGlobalSection
	GlobalSection(ProjectConfigurationPlatforms) = postSolution
		{F3A13752-5B5B-4D8D-BADC-09FF4E8D024C}.Debug|Any CPU.ActiveCfg = Debug|Any CPU
		{F3A13752-5B5B-4D8D-BADC-09FF4E8D024C}.Debug|Any CPU.Build.0 = Debug|Any CPU
		{F3A13752-5B5B-4D8D-BADC-09FF4E8D024C}.Release|Any CPU.ActiveCfg = Release|Any CPU
		{F3A13752-5B5B-4D8D-BADC-09FF4E8D024C}.Release|Any CPU.Build.0 = Release|Any CPU
	EndGlobalSection
	GlobalSection(SolutionProperties) = preSolution
		HideSolutionNode = FALSE
	EndGlobalSection
	GlobalSection(ExtensibilityGlobals) = postSolution
		SolutionGuid = {3AEAAAD6-3249-4286-9CB9-1A7804BBDCCE}
	EndGlobalSection
EndGlobal
