
Microsoft Visual Studio Solution File, Format Version 12.00
# Visual Studio Version 16
VisualStudioVersion = 16.0.31624.102
MinimumVisualStudioVersion = 10.0.40219.1
Project("{FAE04EC0-301F-11D3-BF4B-00C04F79EFBC}") = "MasterApp2021", "MasterApp2021.csproj", "{7D819FD5-9D7A-41C6-82C6-6DF934CCFC4F}"
EndProject
Global
	GlobalSection(SolutionConfigurationPlatforms) = preSolution
		Debug|Any CPU = Debug|Any CPU
		Release|Any CPU = Release|Any CPU
	EndGlobalSection
	GlobalSection(ProjectConfigurationPlatforms) = postSolution
		{7D819FD5-9D7A-41C6-82C6-6DF934CCFC4F}.Debug|Any CPU.ActiveCfg = Debug|Any CPU
		{7D819FD5-9D7A-41C6-82C6-6DF934CCFC4F}.Debug|Any CPU.Build.0 = Debug|Any CPU
		{7D819FD5-9D7A-41C6-82C6-6DF934CCFC4F}.Release|Any CPU.ActiveCfg = Release|Any CPU
		{7D819FD5-9D7A-41C6-82C6-6DF934CCFC4F}.Release|Any CPU.Build.0 = Release|Any CPU
	EndGlobalSection
	GlobalSection(SolutionProperties) = preSolution
		HideSolutionNode = FALSE
	EndGlobalSection
	GlobalSection(ExtensibilityGlobals) = postSolution
		SolutionGuid = {FEB8A387-24C1-4A2A-92BA-19D986327D34}
	EndGlobalSection
EndGlobal
